
Microsoft Visual Studio Solution File, Format Version 12.00
# Visual Studio 15
VisualStudioVersion = 15.0.28307.645
MinimumVisualStudioVersion = 10.0.40219.1
Project("{FAE04EC0-301F-11D3-BF4B-00C04F79EFBC}") = "PecurkiApp2", "PecurkiApp2\PecurkiApp2.csproj", "{BB8A6CEC-0575-4687-8EC4-9CF1DA4F7C58}"
EndProject
Global
	GlobalSection(SolutionConfigurationPlatforms) = preSolution
		Debug|Any CPU = Debug|Any CPU
		Release|Any CPU = Release|Any CPU
	EndGlobalSection
	GlobalSection(ProjectConfigurationPlatforms) = postSolution
		{BB8A6CEC-0575-4687-8EC4-9CF1DA4F7C58}.Debug|Any CPU.ActiveCfg = Debug|Any CPU
		{BB8A6CEC-0575-4687-8EC4-9CF1DA4F7C58}.Debug|Any CPU.Build.0 = Debug|Any CPU
		{BB8A6CEC-0575-4687-8EC4-9CF1DA4F7C58}.Release|Any CPU.ActiveCfg = Release|Any CPU
		{BB8A6CEC-0575-4687-8EC4-9CF1DA4F7C58}.Release|Any CPU.Build.0 = Release|Any CPU
	EndGlobalSection
	GlobalSection(SolutionProperties) = preSolution
		HideSolutionNode = FALSE
	EndGlobalSection
	GlobalSection(ExtensibilityGlobals) = postSolution
		SolutionGuid = {B01FB712-7C46-4948-A3CC-B0B278A38577}
	EndGlobalSection
EndGlobal
